{
  "name": "acal-escrow-indexer",
  "version": "1.0.0",
  "lockfileVersion": 3,
  "requires": true,
  "packages": {
    "": {
      "name": "acal-escrow-indexer",
      "version": "1.0.0",
      "dependencies": {
        "envio": "2.27.6"
      }
    },
    "node_modules/envio": {
      "version": "2.27.6"
    }
  }
}